
Microsoft Visual Studio Solution File, Format Version 12.00
# Visual Studio Version 17
VisualStudioVersion = 17.8.34511.84
MinimumVisualStudioVersion = 10.0.40219.1
Project("{FAE04EC0-301F-11D3-BF4B-00C04F79EFBC}") = "cld", "cld\cld.csproj", "{62E4DABA-8C82-4BAD-A883-622924B1CADF}"
EndProject
Global
	GlobalSection(SolutionConfigurationPlatforms) = preSolution
		Debug|Any CPU = Debug|Any CPU
		Release|Any CPU = Release|Any CPU
	EndGlobalSection
	GlobalSection(ProjectConfigurationPlatforms) = postSolution
		{62E4DABA-8C82-4BAD-A883-622924B1CADF}.Debug|Any CPU.ActiveCfg = Debug|Any CPU
		{62E4DABA-8C82-4BAD-A883-622924B1CADF}.Debug|Any CPU.Build.0 = Debug|Any CPU
		{62E4DABA-8C82-4BAD-A883-622924B1CADF}.Release|Any CPU.ActiveCfg = Release|Any CPU
		{62E4DABA-8C82-4BAD-A883-622924B1CADF}.Release|Any CPU.Build.0 = Release|Any CPU
	EndGlobalSection
	GlobalSection(SolutionProperties) = preSolution
		HideSolutionNode = FALSE
	EndGlobalSection
	GlobalSection(ExtensibilityGlobals) = postSolution
		SolutionGuid = {20DAF2E4-9E1B-451B-B990-7FABCE92D8F2}
	EndGlobalSection
EndGlobal
